// !$*UTF8*$!
{
	archiveVersion = 1;
	classes = {
	};
	objectVersion = 55;
	objects = {

/* Begin PBXBuildFile section */
		7D13F06469834CD0E6E62091 /* Pods_AlamoTest.framework in Frameworks */ = {isa = PBXBuildFile; fileRef = FF9741D9FF9B704A92641026 /* Pods_AlamoTest.framework */; };
		CF44A38927EA160100C15212 /* AppDelegate.swift in Sources */ = {isa = PBXBuildFile; fileRef = CF44A38827EA160100C15212 /* AppDelegate.swift */; };
		CF44A38B27EA160100C15212 /* SceneDelegate.swift in Sources */ = {isa = PBXBuildFile; fileRef = CF44A38A27EA160100C15212 /* SceneDelegate.swift */; };
		CF44A38D27EA160100C15212 /* ViewController.swift in Sources */ = {isa = PBXBuildFile; fileRef = CF44A38C27EA160100C15212 /* ViewController.swift */; };
		CF44A39027EA160100C15212 /* Main.storyboard in Resources */ = {isa = PBXBuildFile; fileRef = CF44A38E27EA160100C15212 /* Main.storyboard */; };
		CF44A39227EA160200C15212 /* Assets.xcassets in Resources */ = {isa = PBXBuildFile; fileRef = CF44A39127EA160200C15212 /* Assets.xcassets */; };
		CF44A39527EA160200C15212 /* LaunchScreen.storyboard in Resources */ = {isa = PBXBuildFile; fileRef = CF44A39327EA160200C15212 /* LaunchScreen.storyboard */; };
		CF44A39D27EA367D00C15212 /* User.swift in Sources */ = {isa = PBXBuildFile; fileRef = CF44A39C27EA367D00C15212 /* User.swift */; };
/* End PBXBuildFile section */

/* Begin PBXFileReference section */
		BB4ACA990CECCECCE8BE7E14 /* Pods-AlamoTest.release.xcconfig */ = {isa = PBXFileReference; includeInIndex = 1; lastKnownFileType = text.xcconfig; name = "Pods-AlamoTest.release.xcconfig"; path = "Target Support Files/Pods-AlamoTest/Pods-AlamoTest.release.xcconfig"; sourceTree = "<group>"; };
		CE80520DFAF23866B48A0D61 /* Pods-AlamoTest.debug.xcconfig */ = {isa = PBXFileReference; includeInIndex = 1; lastKnownFileType = text.xcconfig; name = "Pods-AlamoTest.debug.xcconfig"; path = "Target Support Files/Pods-AlamoTest/Pods-AlamoTest.debug.xcconfig"; sourceTree = "<group>"; };
		CF44A38527EA160100C15212 /* AlamoTest.app */ = {isa = PBXFileReference; explicitFileType = wrapper.application; includeInIndex = 0; path = AlamoTest.app; sourceTree = BUILT_PRODUCTS_DIR; };
		CF44A38827EA160100C15212 /* AppDelegate.swift */ = {isa = PBXFileReference; lastKnownFileType = sourcecode.swift; path = AppDelegate.swift; sourceTree = "<group>"; };
		CF44A38A27EA160100C15212 /* SceneDelegate.swift */ = {isa = PBXFileReference; lastKnownFileType = sourcecode.swift; path = SceneDelegate.swift; sourceTree = "<group>"; };
		CF44A38C27EA160100C15212 /* ViewController.swift */ = {isa = PBXFileReference; lastKnownFileType = sourcecode.swift; path = ViewController.swift; sourceTree = "<group>"; };
		CF44A38F27EA160100C15212 /* Base */ = {isa = PBXFileReference; lastKnownFileType = file.storyboard; name = Base; path = Base.lproj/Main.storyboard; sourceTree = "<group>"; };
		CF44A39127EA160200C15212 /* Assets.xcassets */ = {isa = PBXFileReference; lastKnownFileType = folder.assetcatalog; path = Assets.xcassets; sourceTree = "<group>"; };
		CF44A39427EA160200C15212 /* Base */ = {isa = PBXFileReference; lastKnownFileType = file.storyboard; name = Base; path = Base.lproj/LaunchScreen.storyboard; sourceTree = "<group>"; };
		CF44A39627EA160200C15212 /* Info.plist */ = {isa = PBXFileReference; lastKnownFileType = text.plist.xml; path = Info.plist; sourceTree = "<group>"; };
		CF44A39C27EA367D00C15212 /* User.swift */ = {isa = PBXFileReference; lastKnownFileType = sourcecode.swift; path = User.swift; sourceTree = "<group>"; };
		FF9741D9FF9B704A92641026 /* Pods_AlamoTest.framework */ = {isa = PBXFileReference; explicitFileType = wrapper.framework; includeInIndex = 0; path = Pods_AlamoTest.framework; sourceTree = BUILT_PRODUCTS_DIR; };
/* End PBXFileReference section */

/* Begin PBXFrameworksBuildPhase section */
		CF44A38227EA160100C15212 /* Frameworks */ = {
			isa = PBXFrameworksBuildPhase;
			buildActionMask = 2147483647;
			files = (
				7D13F06469834CD0E6E62091 /* Pods_AlamoTest.framework in Frameworks */,
			);
			runOnlyForDeploymentPostprocessing = 0;
		};
/* End PBXFrameworksBuildPhase section */

/* Begin PBXGroup section */
		4DC99F3A0A67AFCB26D182C8 /* Pods */ = {
			isa = PBXGroup;
			children = (
				CE80520DFAF23866B48A0D61 /* Pods-AlamoTest.debug.xcconfig */,
				BB4ACA990CECCECCE8BE7E14 /* Pods-AlamoTest.release.xcconfig */,
			);
			path = Pods;
			sourceTree = "<group>";
		};
		75AACC1A7D19538FABF49BB0 /* Frameworks */ = {
			isa = PBXGroup;
			children = (
				FF9741D9FF9B704A92641026 /* Pods_AlamoTest.framework */,
			);
			name = Frameworks;
			sourceTree = "<group>";
		};
		CF44A37C27EA160100C15212 = {
			isa = PBXGroup;
			children = (
				CF44A38727EA160100C15212 /* AlamoTest */,
				CF44A38627EA160100C15212 /* Products */,
				4DC99F3A0A67AFCB26D182C8 /* Pods */,
				75AACC1A7D19538FABF49BB0 /* Frameworks */,
			);
			sourceTree = "<group>";
		};
		CF44A38627EA160100C15212 /* Products */ = {
			isa = PBXGroup;
			children = (
				CF44A38527EA160100C15212 /* AlamoTest.app */,
			);
			name = Products;
			sourceTree = "<group>";
		};
		CF44A38727EA160100C15212 /* AlamoTest */ = {
			isa = PBXGroup;
			children = (
				CF44A38827EA160100C15212 /* AppDelegate.swift */,
				CF44A38A27EA160100C15212 /* SceneDelegate.swift */,
				CF44A38C27EA160100C15212 /* ViewController.swift */,
				CF44A38E27EA160100C15212 /* Main.storyboard */,
				CF44A39127EA160200C15212 /* Assets.xcassets */,
				CF44A39327EA160200C15212 /* LaunchScreen.storyboard */,
				CF44A39627EA160200C15212 /* Info.plist */,
				CF44A39C27EA367D00C15212 /* User.swift */,
			);
			path = AlamoTest;
			sourceTree = "<group>";
		};
/* End PBXGroup section */

/* Begin PBXNativeTarget section */
		CF44A38427EA160100C15212 /* AlamoTest */ = {
			isa = PBXNativeTarget;
			buildConfigurationList = CF44A39927EA160200C15212 /* Build configuration list for PBXNativeTarget "AlamoTest" */;
			buildPhases = (
				11BAC2CA3F5419D7C5C1FA08 /* [CP] Check Pods Manifest.lock */,
				CF44A38127EA160100C15212 /* Sources */,
				CF44A38227EA160100C15212 /* Frameworks */,
				CF44A38327EA160100C15212 /* Resources */,
				7340361B9ADDD1C4007FABB6 /* [CP] Embed Pods Frameworks */,
			);
			buildRules = (
			);
			dependencies = (
			);
			name = AlamoTest;
			productName = AlamoTest;
			productReference = CF44A38527EA160100C15212 /* AlamoTest.app */;
			productType = "com.apple.product-type.application";
		};
/* End PBXNativeTarget section */

/* Begin PBXProject section */
		CF44A37D27EA160100C15212 /* Project object */ = {
			isa = PBXProject;
			attributes = {
				BuildIndependentTargetsInParallel = 1;
				LastSwiftUpdateCheck = 1320;
				LastUpgradeCheck = 1320;
				TargetAttributes = {
					CF44A38427EA160100C15212 = {
						CreatedOnToolsVersion = 13.2.1;
					};
				};
			};
			buildConfigurationList = CF44A38027EA160100C15212 /* Build configuration list for PBXProject "AlamoTest" */;
			compatibilityVersion = "Xcode 13.0";
			developmentRegion = en;
			hasScannedForEncodings = 0;
			knownRegions = (
				en,
				Base,
			);
			mainGroup = CF44A37C27EA160100C15212;
			productRefGroup = CF44A38627EA160100C15212 /* Products */;
			projectDirPath = "";
			projectRoot = "";
			targets = (
				CF44A38427EA160100C15212 /* AlamoTest */,
			);
		};
/* End PBXProject section */

/* Begin PBXResourcesBuildPhase section */
		CF44A38327EA160100C15212 /* Resources */ = {
			isa = PBXResourcesBuildPhase;
			buildActionMask = 2147483647;
			files = (
				CF44A39527EA160200C15212 /* LaunchScreen.storyboard in Resources */,
				CF44A39227EA160200C15212 /* Assets.xcassets in Resources */,
				CF44A39027EA160100C15212 /* Main.storyboard in Resources */,
			);
			runOnlyForDeploymentPostprocessing = 0;
		};
/* End PBXResourcesBuildPhase section */

/* Begin PBXShellScriptBuildPhase section */
		11BAC2CA3F5419D7C5C1FA08 /* [CP] Check Pods Manifest.lock */ = {
			isa = PBXShellScriptBuildPhase;
			buildActionMask = 2147483647;
			files = (
			);
			inputFileListPaths = (
			);
			inputPaths = (
				"${PODS_PODFILE_DIR_PATH}/Podfile.lock",
				"${PODS_ROOT}/Manifest.lock",
			);
			name = "[CP] Check Pods Manifest.lock";
			outputFileListPaths = (
			);
			outputPaths = (
				"$(DERIVED_FILE_DIR)/Pods-AlamoTest-checkManifestLockResult.txt",
			);
			runOnlyForDeploymentPostprocessing = 0;
			shellPath = /bin/sh;
			shellScript = "diff \"${PODS_PODFILE_DIR_PATH}/Podfile.lock\" \"${PODS_ROOT}/Manifest.lock\" > /dev/null\nif [ $? != 0 ] ; then\n    # print error to STDERR\n    echo \"error: The sandbox is not in sync with the Podfile.lock. Run 'pod install' or update your CocoaPods installation.\" >&2\n    exit 1\nfi\n# This output is used by Xcode 'outputs' to avoid re-running this script phase.\necho \"SUCCESS\" > \"${SCRIPT_OUTPUT_FILE_0}\"\n";
			showEnvVarsInLog = 0;
		};
		7340361B9ADDD1C4007FABB6 /* [CP] Embed Pods Frameworks */ = {
			isa = PBXShellScriptBuildPhase;
			buildActionMask = 2147483647;
			files = (
			);
			inputFileListPaths = (
				"${PODS_ROOT}/Target Support Files/Pods-AlamoTest/Pods-AlamoTest-frameworks-${CONFIGURATION}-input-files.xcfilelist",
			);
			name = "[CP] Embed Pods Frameworks";
			outputFileListPaths = (
				"${PODS_ROOT}/Target Support Files/Pods-AlamoTest/Pods-AlamoTest-frameworks-${CONFIGURATION}-output-files.xcfilelist",
			);
			runOnlyForDeploymentPostprocessing = 0;
			shellPath = /bin/sh;
			shellScript = "\"${PODS_ROOT}/Target Support Files/Pods-AlamoTest/Pods-AlamoTest-frameworks.sh\"\n";
			showEnvVarsInLog = 0;
		};
/* End PBXShellScriptBuildPhase section */

/* Begin PBXSourcesBuildPhase section */
		CF44A38127EA160100C15212 /* Sources */ = {
			isa = PBXSourcesBuildPhase;
			buildActionMask = 2147483647;
			files = (
				CF44A39D27EA367D00C15212 /* User.swift in Sources */,
				CF44A38D27EA160100C15212 /* ViewController.swift in Sources */,
				CF44A38927EA160100C15212 /* AppDelegate.swift in Sources */,
				CF44A38B27EA160100C15212 /* SceneDelegate.swift in Sources */,
			);
			runOnlyForDeploymentPostprocessing = 0;
		};
/* End PBXSourcesBuildPhase section */

/* Begin PBXVariantGroup section */
		CF44A38E27EA160100C15212 /* Main.storyboard */ = {
			isa = PBXVariantGroup;
			children = (
				CF44A38F27EA160100C15212 /* Base */,
			);
			name = Main.storyboard;
			sourceTree = "<group>";
		};
		CF44A39327EA160200C15212 /* LaunchScreen.storyboard */ = {
			isa = PBXVariantGroup;
			children = (
				CF44A39427EA160200C15212 /* Base */,
			);
			name = LaunchScreen.storyboard;
			sourceTree = "<group>";
		};
/* End PBXVariantGroup section */

/* Begin XCBuildConfiguration section */
		CF44A39727EA160200C15212 /* Debug */ = {
			isa = XCBuildConfiguration;
			buildSettings = {
				ALWAYS_SEARCH_USER_PATHS = NO;
				CLANG_ANALYZER_NONNULL = YES;
				CLANG_ANALYZER_NUMBER_OBJECT_CONVERSION = YES_AGGRESSIVE;
				CLANG_CXX_LANGUAGE_STANDARD = "gnu++17";
				CLANG_CXX_LIBRARY = "libc++";
				CLANG_ENABLE_MODULES = YES;
				CLANG_ENABLE_OBJC_ARC = YES;
				CLANG_ENABLE_OBJC_WEAK = YES;
				CLANG_WARN_BLOCK_CAPTURE_AUTORELEASING = YES;
				CLANG_WARN_BOOL_CONVERSION = YES;
				CLANG_WARN_COMMA = YES;
				CLANG_WARN_CONSTANT_CONVERSION = YES;
				CLANG_WARN_DEPRECATED_OBJC_IMPLEMENTATIONS = YES;
				CLANG_WARN_DIRECT_OBJC_ISA_USAGE = YES_ERROR;
				CLANG_WARN_DOCUMENTATION_COMMENTS = YES;
				CLANG_WARN_EMPTY_BODY = YES;
				CLANG_WARN_ENUM_CONVERSION = YES;
				CLANG_WARN_INFINITE_RECURSION = YES;
				CLANG_WARN_INT_CONVERSION = YES;
				CLANG_WARN_NON_LITERAL_NULL_CONVERSION = YES;
				CLANG_WARN_OBJC_IMPLICIT_RETAIN_SELF = YES;
				CLANG_WARN_OBJC_LITERAL_CONVERSION = YES;
				CLANG_WARN_OBJC_ROOT_CLASS = YES_ERROR;
				CLANG_WARN_QUOTED_INCLUDE_IN_FRAMEWORK_HEADER = YES;
				CLANG_WARN_RANGE_LOOP_ANALYSIS = YES;
				CLANG_WARN_STRICT_PROTOTYPES = YES;
				CLANG_WARN_SUSPICIOUS_MOVE = YES;
				CLANG_WARN_UNGUARDED_AVAILABILITY = YES_AGGRESSIVE;
				CLANG_WARN_UNREACHABLE_CODE = YES;
				CLANG_WARN__DUPLICATE_METHOD_MATCH = YES;
				COPY_PHASE_STRIP = NO;
				DEBUG_INFORMATION_FORMAT = dwarf;
				ENABLE_STRICT_OBJC_MSGSEND = YES;
				ENABLE_TESTABILITY = YES;
				GCC_C_LANGUAGE_STANDARD = gnu11;
				GCC_DYNAMIC_NO_PIC = NO;
				GCC_NO_COMMON_BLOCKS = YES;
				GCC_OPTIMIZATION_LEVEL = 0;
				GCC_PREPROCESSOR_DEFINITIONS = (
					"DEBUG=1",
					"$(inherited)",
				);
				GCC_WARN_64_TO_32_BIT_CONVERSION = YES;
				GCC_WARN_ABOUT_RETURN_TYPE = YES_ERROR;
				GCC_WARN_UNDECLARED_SELECTOR = YES;
				GCC_WARN_UNINITIALIZED_AUTOS = YES_AGGRESSIVE;
				GCC_WARN_UNUSED_FUNCTION = YES;
				GCC_WARN_UNUSED_VARIABLE = YES;
				IPHONEOS_DEPLOYMENT_TARGET = 15.2;
				MTL_ENABLE_DEBUG_INFO = INCLUDE_SOURCE;
				MTL_FAST_MATH = YES;
				ONLY_ACTIVE_ARCH = YES;
				SDKROOT = iphoneos;
				SWIFT_ACTIVE_COMPILATION_CONDITIONS = DEBUG;
				SWIFT_OPTIMIZATION_LEVEL = "-Onone";
			};
			name = Debug;
		};
		CF44A39827EA160200C15212 /* Release */ = {
			isa = XCBuildConfiguration;
			buildSettings = {
				ALWAYS_SEARCH_USER_PATHS = NO;
				CLANG_ANALYZER_NONNULL = YES;
				CLANG_ANALYZER_NUMBER_OBJECT_CONVERSION = YES_AGGRESSIVE;
				CLANG_CXX_LANGUAGE_STANDARD = "gnu++17";
				CLANG_CXX_LIBRARY = "libc++";
				CLANG_ENABLE_MODULES = YES;
				CLANG_ENABLE_OBJC_ARC = YES;
				CLANG_ENABLE_OBJC_WEAK = YES;
				CLANG_WARN_BLOCK_CAPTURE_AUTORELEASING = YES;
				CLANG_WARN_BOOL_CONVERSION = YES;
				CLANG_WARN_COMMA = YES;
				CLANG_WARN_CONSTANT_CONVERSION = YES;
				CLANG_WARN_DEPRECATED_OBJC_IMPLEMENTATIONS = YES;
				CLANG_WARN_DIRECT_OBJC_ISA_USAGE = YES_ERROR;
				CLANG_WARN_DOCUMENTATION_COMMENTS = YES;
				CLANG_WARN_EMPTY_BODY = YES;
				CLANG_WARN_ENUM_CONVERSION = YES;
				CLANG_WARN_INFINITE_RECURSION = YES;
				CLANG_WARN_INT_CONVERSION = YES;
				CLANG_WARN_NON_LITERAL_NULL_CONVERSION = YES;
				CLANG_WARN_OBJC_IMPLICIT_RETAIN_SELF = YES;
				CLANG_WARN_OBJC_LITERAL_CONVERSION = YES;
				CLANG_WARN_OBJC_ROOT_CLASS = YES_ERROR;
				CLANG_WARN_QUOTED_INCLUDE_IN_FRAMEWORK_HEADER = YES;
				CLANG_WARN_RANGE_LOOP_ANALYSIS = YES;
				CLANG_WARN_STRICT_PROTOTYPES = YES;
				CLANG_WARN_SUSPICIOUS_MOVE = YES;
				CLANG_WARN_UNGUARDED_AVAILABILITY = YES_AGGRESSIVE;
				CLANG_WARN_UNREACHABLE_CODE = YES;
				CLANG_WARN__DUPLICATE_METHOD_MATCH = YES;
				COPY_PHASE_STRIP = NO;
				DEBUG_INFORMATION_FORMAT = "dwarf-with-dsym";
				ENABLE_NS_ASSERTIONS = NO;
				ENABLE_STRICT_OBJC_MSGSEND = YES;
				GCC_C_LANGUAGE_STANDARD = gnu11;
				GCC_NO_COMMON_BLOCKS = YES;
				GCC_WARN_64_TO_32_BIT_CONVERSION = YES;
				GCC_WARN_ABOUT_RETURN_TYPE = YES_ERROR;
				GCC_WARN_UNDECLARED_SELECTOR = YES;
				GCC_WARN_UNINITIALIZED_AUTOS = YES_AGGRESSIVE;
				GCC_WARN_UNUSED_FUNCTION = YES;
				GCC_WARN_UNUSED_VARIABLE = YES;
				IPHONEOS_DEPLOYMENT_TARGET = 15.2;
				MTL_ENABLE_DEBUG_INFO = NO;
				MTL_FAST_MATH = YES;
				SDKROOT = iphoneos;
				SWIFT_COMPILATION_MODE = wholemodule;
				SWIFT_OPTIMIZATION_LEVEL = "-O";
				VALIDATE_PRODUCT = YES;
			};
			name = Release;
		};
		CF44A39A27EA160200C15212 /* Debug */ = {
			isa = XCBuildConfiguration;
			baseConfigurationReference = CE80520DFAF23866B48A0D61 /* Pods-AlamoTest.debug.xcconfig */;
			buildSettings = {
				ASSETCATALOG_COMPILER_APPICON_NAME = AppIcon;
				ASSETCATALOG_COMPILER_GLOBAL_ACCENT_COLOR_NAME = AccentColor;
				CODE_SIGN_STYLE = Automatic;
				CURRENT_PROJECT_VERSION = 1;
				DEVELOPMENT_TEAM = 7G884U3MUZ;
				GENERATE_INFOPLIST_FILE = YES;
				INFOPLIST_FILE = AlamoTest/Info.plist;
				INFOPLIST_KEY_UIApplicationSupportsIndirectInputEvents = YES;
				INFOPLIST_KEY_UILaunchStoryboardName = LaunchScreen;
				INFOPLIST_KEY_UIMainStoryboardFile = Main;
				INFOPLIST_KEY_UISupportedInterfaceOrientations_iPad = "UIInterfaceOrientationPortrait UIInterfaceOrientationPortraitUpsideDown UIInterfaceOrientationLandscapeLeft UIInterfaceOrientationLandscapeRight";
				INFOPLIST_KEY_UISupportedInterfaceOrientations_iPhone = "UIInterfaceOrientationPortrait UIInterfaceOrientationLandscapeLeft UIInterfaceOrientationLandscapeRight";
				LD_RUNPATH_SEARCH_PATHS = (
					"$(inherited)",
					"@executable_path/Frameworks",
				);
				MARKETING_VERSION = 1.0;
				PRODUCT_BUNDLE_IDENTIFIER = harri.AlamoTest;
				PRODUCT_NAME = "$(TARGET_NAME)";
				SWIFT_EMIT_LOC_STRINGS = YES;
				SWIFT_VERSION = 5.0;
				TARGETED_DEVICE_FAMILY = "1,2";
			};
			name = Debug;
		};
		CF44A39B27EA160200C15212 /* Release */ = {
			isa = XCBuildConfiguration;
			baseConfigurationReference = BB4ACA990CECCECCE8BE7E14 /* Pods-AlamoTest.release.xcconfig */;
			buildSettings = {
				ASSETCATALOG_COMPILER_APPICON_NAME = AppIcon;
				ASSETCATALOG_COMPILER_GLOBAL_ACCENT_COLOR_NAME = AccentColor;
				CODE_SIGN_STYLE = Automatic;
				CURRENT_PROJECT_VERSION = 1;
				DEVELOPMENT_TEAM = 7G884U3MUZ;
				GENERATE_INFOPLIST_FILE = YES;
				INFOPLIST_FILE = AlamoTest/Info.plist;
				INFOPLIST_KEY_UIApplicationSupportsIndirectInputEvents = YES;
				INFOPLIST_KEY_UILaunchStoryboardName = LaunchScreen;
				INFOPLIST_KEY_UIMainStoryboardFile = Main;
				INFOPLIST_KEY_UISupportedInterfaceOrientations_iPad = "UIInterfaceOrientationPortrait UIInterfaceOrientationPortraitUpsideDown UIInterfaceOrientationLandscapeLeft UIInterfaceOrientationLandscapeRight";
				INFOPLIST_KEY_UISupportedInterfaceOrientations_iPhone = "UIInterfaceOrientationPortrait UIInterfaceOrientationLandscapeLeft UIInterfaceOrientationLandscapeRight";
				LD_RUNPATH_SEARCH_PATHS = (
					"$(inherited)",
					"@executable_path/Frameworks",
				);
				MARKETING_VERSION = 1.0;
				PRODUCT_BUNDLE_IDENTIFIER = harri.AlamoTest;
				PRODUCT_NAME = "$(TARGET_NAME)";
				SWIFT_EMIT_LOC_STRINGS = YES;
				SWIFT_VERSION = 5.0;
				TARGETED_DEVICE_FAMILY = "1,2";
			};
			name = Release;
		};
/* End XCBuildConfiguration section */

/* Begin XCConfigurationList section */
		CF44A38027EA160100C15212 /* Build configuration list for PBXProject "AlamoTest" */ = {
			isa = XCConfigurationList;
			buildConfigurations = (
				CF44A39727EA160200C15212 /* Debug */,
				CF44A39827EA160200C15212 /* Release */,
			);
			defaultConfigurationIsVisible = 0;
			defaultConfigurationName = Release;
		};
		CF44A39927EA160200C15212 /* Build configuration list for PBXNativeTarget "AlamoTest" */ = {
			isa = XCConfigurationList;
			buildConfigurations = (
				CF44A39A27EA160200C15212 /* Debug */,
				CF44A39B27EA160200C15212 /* Release */,
			);
			defaultConfigurationIsVisible = 0;
			defaultConfigurationName = Release;
		};
/* End XCConfigurationList section */
	};
	rootObject = CF44A37D27EA160100C15212 /* Project object */;
}
